{
  "name": "playwright-benchmarks",
  "lockfileVersion": 3,
  "requires": true,
  "packages": {
    "": {
      "dependencies": {
        "@playwright/test": "^1.49.0-alpha-2024-10-14",
        "@types/node": "^22.7.5",
        "typescript": "^5.6.3"
      }
    },
    "node_modules/@playwright/test": {
      "version": "1.49.0-alpha-2024-10-14",
      "resolved": "https://registry.npmjs.org/@playwright/test/-/test-1.49.0-alpha-2024-10-14.tgz",
      "integrity": "sha512-wjVnrRQhPTus9GZSm56dNNfBVDm8FNugz/MnlD7TbPc7Lh6FRvJyQUF++tWA0rlBKyT44MLtxOCqxZE4RsH5JQ==",
      "dependencies": {
        "playwright": "1.49.0-alpha-2024-10-14"
      },
      "bin": {
        "playwright": "cli.js"
      },
      "engines": {
        "node": ">=18"
      }
    },
    "node_modules/@types/node": {
      "version": "22.7.5",
      "resolved": "https://registry.npmjs.org/@types/node/-/node-22.7.5.tgz",
      "integrity": "sha512-jML7s2NAzMWc//QSJ1a3prpk78cOPchGvXJsC3C6R6PSMoooztvRVQEz89gmBTBY1SPMaqo5teB4uNHPdetShQ==",
      "dependencies": {
        "undici-types": "~6.19.2"
      }
    },
    "node_modules/fsevents": {
      "version": "2.3.2",
      "resolved": "https://registry.npmjs.org/fsevents/-/fsevents-2.3.2.tgz",
      "integrity": "sha512-xiqMQR4xAeHTuB9uWm+fFRcIOgKBMiOBP+eXiyT7jsgVCq1bkVygt00oASowB7EdtpOHaaPgKt812P9ab+DDKA==",
      "hasInstallScript": true,
      "optional": true,
      "os": [
        "darwin"
      ],
      "engines": {
        "node": "^8.16.0 || ^10.6.0 || >=11.0.0"
      }
    },
    "node_modules/playwright": {
      "version": "1.49.0-alpha-2024-10-14",
      "resolved": "https://registry.npmjs.org/playwright/-/playwright-1.49.0-alpha-2024-10-14.tgz",
      "integrity": "sha512-19e+3IUMd3k+ijS4wrR8n+NaQD2JlKy1u+gbbLp+EyOs13c3boROY9X9OE+2gp5WBHqMIPT1y/dY/q+H37nKTQ==",
      "dependencies": {
        "playwright-core": "1.49.0-alpha-2024-10-14"
      },
      "bin": {
        "playwright": "cli.js"
      },
      "engines": {
        "node": ">=18"
      },
      "optionalDependencies": {
        "fsevents": "2.3.2"
      }
    },
    "node_modules/playwright-core": {
      "version": "1.49.0-alpha-2024-10-14",
      "resolved": "https://registry.npmjs.org/playwright-core/-/playwright-core-1.49.0-alpha-2024-10-14.tgz",
      "integrity": "sha512-mJ+5E+6tFdvcpEbP/lHEjaN3wA+ZaXJzDe/37c08Od8oZNstylK6IaQvPZYGfOllb1yDhvd05jqebMH7AAk1yw==",
      "bin": {
        "playwright-core": "cli.js"
      },
      "engines": {
        "node": ">=18"
      }
    },
    "node_modules/typescript": {
      "version": "5.6.3",
      "resolved": "https://registry.npmjs.org/typescript/-/typescript-5.6.3.tgz",
      "integrity": "sha512-hjcS1mhfuyi4WW8IWtjP7brDrG2cuDZukyrYrSauoXGNgx0S7zceP07adYkJycEr56BOUTNPzbInooiN3fn1qw==",
      "bin": {
        "tsc": "bin/tsc",
        "tsserver": "bin/tsserver"
      },
      "engines": {
        "node": ">=14.17"
      }
    },
    "node_modules/undici-types": {
      "version": "6.19.8",
      "resolved": "https://registry.npmjs.org/undici-types/-/undici-types-6.19.8.tgz",
      "integrity": "sha512-ve2KP6f/JnbPBFyobGHuerC9g1FYGn/F8n1LWTwNxCEzd6IfqTwUQcNXgEtmmQ6DlRrC1hrSrBnCZPokRrDHjw=="
    }
  }
}
